
Microsoft Visual Studio Solution File, Format Version 12.00
# Visual Studio Version 16
VisualStudioVersion = 16.0.29424.173
MinimumVisualStudioVersion = 10.0.40219.1
Project("{8BC9CEB8-8B4A-11D0-8D11-00A0C91BC942}") = "MIRU_TEST", "MIRU_TEST\MIRU_TEST.vcxproj", "{27F6FE24-876B-47BC-996A-F6E44F1E9EFF}"
	ProjectSection(ProjectDependencies) = postProject
		{A85CAE6B-D45E-46B3-9FAF-CC609220443E} = {A85CAE6B-D45E-46B3-9FAF-CC609220443E}
	EndProjectSection
EndProject
Project("{8BC9CEB8-8B4A-11D0-8D11-00A0C91BC942}") = "MIRU_CORE", "MIRU_CORE\MIRU_CORE.vcxproj", "{A85CAE6B-D45E-46B3-9FAF-CC609220443E}"
	ProjectSection(ProjectDependencies) = postProject
		{1DDDBE24-1051-4D10-AC4A-4BA23B633F27} = {1DDDBE24-1051-4D10-AC4A-4BA23B633F27}
	EndProjectSection
EndProject
Project("{8BC9CEB8-8B4A-11D0-8D11-00A0C91BC942}") = "MIRU_SHADER_COMPILER", "MIRU_SHADER_COMPILER\MIRU_SHADER_COMPILER.vcxproj", "{1DDDBE24-1051-4D10-AC4A-4BA23B633F27}"
EndProject
Project("{8BC9CEB8-8B4A-11D0-8D11-00A0C91BC942}") = "MIRU_TEST_UWP", "MIRU_TEST_UWP\MIRU_TEST_UWP.vcxproj", "{878190F7-A818-4445-A84C-21C3E1A5C0FA}"
	ProjectSection(ProjectDependencies) = postProject
		{A85CAE6B-D45E-46B3-9FAF-CC609220443E} = {A85CAE6B-D45E-46B3-9FAF-CC609220443E}
	EndProjectSection
EndProject
Global
	GlobalSection(SolutionConfigurationPlatforms) = preSolution
		Debug|x64 = Debug|x64
		Release|x64 = Release|x64
	EndGlobalSection
	GlobalSection(ProjectConfigurationPlatforms) = postSolution
		{27F6FE24-876B-47BC-996A-F6E44F1E9EFF}.Debug|x64.ActiveCfg = Debug|x64
		{27F6FE24-876B-47BC-996A-F6E44F1E9EFF}.Debug|x64.Build.0 = Debug|x64
		{27F6FE24-876B-47BC-996A-F6E44F1E9EFF}.Release|x64.ActiveCfg = Release|x64
		{27F6FE24-876B-47BC-996A-F6E44F1E9EFF}.Release|x64.Build.0 = Release|x64
		{A85CAE6B-D45E-46B3-9FAF-CC609220443E}.Debug|x64.ActiveCfg = Debug|x64
		{A85CAE6B-D45E-46B3-9FAF-CC609220443E}.Debug|x64.Build.0 = Debug|x64
		{A85CAE6B-D45E-46B3-9FAF-CC609220443E}.Release|x64.ActiveCfg = Release|x64
		{A85CAE6B-D45E-46B3-9FAF-CC609220443E}.Release|x64.Build.0 = Release|x64
		{1DDDBE24-1051-4D10-AC4A-4BA23B633F27}.Debug|x64.ActiveCfg = Debug|x64
		{1DDDBE24-1051-4D10-AC4A-4BA23B633F27}.Debug|x64.Build.0 = Debug|x64
		{1DDDBE24-1051-4D10-AC4A-4BA23B633F27}.Release|x64.ActiveCfg = Release|x64
		{1DDDBE24-1051-4D10-AC4A-4BA23B633F27}.Release|x64.Build.0 = Release|x64
		{878190F7-A818-4445-A84C-21C3E1A5C0FA}.Debug|x64.ActiveCfg = Debug|x64
		{878190F7-A818-4445-A84C-21C3E1A5C0FA}.Debug|x64.Build.0 = Debug|x64
		{878190F7-A818-4445-A84C-21C3E1A5C0FA}.Debug|x64.Deploy.0 = Debug|x64
		{878190F7-A818-4445-A84C-21C3E1A5C0FA}.Release|x64.ActiveCfg = Debug|x64
		{878190F7-A818-4445-A84C-21C3E1A5C0FA}.Release|x64.Build.0 = Debug|x64
		{878190F7-A818-4445-A84C-21C3E1A5C0FA}.Release|x64.Deploy.0 = Debug|x64
	EndGlobalSection
	GlobalSection(SolutionProperties) = preSolution
		HideSolutionNode = FALSE
	EndGlobalSection
	GlobalSection(ExtensibilityGlobals) = postSolution
		SolutionGuid = {33F0DCA6-E97A-4E65-BB90-E55C25EBDCCC}
	EndGlobalSection
EndGlobal
